
Microsoft Visual Studio Solution File, Format Version 12.00
# Visual Studio 15
VisualStudioVersion = 15.0.28307.1022
MinimumVisualStudioVersion = 10.0.40219.1
Project("{FAE04EC0-301F-11D3-BF4B-00C04F79EFBC}") = "View", "POLA_MMS\View.csproj", "{103098DE-C16C-4392-84EC-5B03965BE694}"
EndProject
Project("{FAE04EC0-301F-11D3-BF4B-00C04F79EFBC}") = "Model", "Model\Model.csproj", "{E95883C4-CF80-4EA2-A97C-61616C63AFCE}"
EndProject
Project("{FAE04EC0-301F-11D3-BF4B-00C04F79EFBC}") = "DAL", "DAL\DAL.csproj", "{B3EC6564-490E-4E64-A679-E788FED65D1F}"
EndProject
Project("{FAE04EC0-301F-11D3-BF4B-00C04F79EFBC}") = "BLL", "BLL\BLL.csproj", "{C7BD18D3-5DDE-49BD-9A63-59DAEC078291}"
EndProject
Project("{54435603-DBB4-11D2-8724-00A0C9A8B90C}") = "PolaMemberManageSystem", "PolaMemberManageSystem\PolaMemberManageSystem.vdproj", "{6DC57E50-270B-46F5-B6D1-0BA1CC014B01}"
EndProject
Global
	GlobalSection(SolutionConfigurationPlatforms) = preSolution
		Debug|Any CPU = Debug|Any CPU
		Release|Any CPU = Release|Any CPU
	EndGlobalSection
	GlobalSection(ProjectConfigurationPlatforms) = postSolution
		{103098DE-C16C-4392-84EC-5B03965BE694}.Debug|Any CPU.ActiveCfg = Debug|Any CPU
		{103098DE-C16C-4392-84EC-5B03965BE694}.Debug|Any CPU.Build.0 = Debug|Any CPU
		{103098DE-C16C-4392-84EC-5B03965BE694}.Release|Any CPU.ActiveCfg = Release|Any CPU
		{103098DE-C16C-4392-84EC-5B03965BE694}.Release|Any CPU.Build.0 = Release|Any CPU
		{E95883C4-CF80-4EA2-A97C-61616C63AFCE}.Debug|Any CPU.ActiveCfg = Debug|Any CPU
		{E95883C4-CF80-4EA2-A97C-61616C63AFCE}.Debug|Any CPU.Build.0 = Debug|Any CPU
		{E95883C4-CF80-4EA2-A97C-61616C63AFCE}.Release|Any CPU.ActiveCfg = Release|Any CPU
		{E95883C4-CF80-4EA2-A97C-61616C63AFCE}.Release|Any CPU.Build.0 = Release|Any CPU
		{B3EC6564-490E-4E64-A679-E788FED65D1F}.Debug|Any CPU.ActiveCfg = Debug|Any CPU
		{B3EC6564-490E-4E64-A679-E788FED65D1F}.Debug|Any CPU.Build.0 = Debug|Any CPU
		{B3EC6564-490E-4E64-A679-E788FED65D1F}.Release|Any CPU.ActiveCfg = Release|Any CPU
		{B3EC6564-490E-4E64-A679-E788FED65D1F}.Release|Any CPU.Build.0 = Release|Any CPU
		{C7BD18D3-5DDE-49BD-9A63-59DAEC078291}.Debug|Any CPU.ActiveCfg = Debug|Any CPU
		{C7BD18D3-5DDE-49BD-9A63-59DAEC078291}.Debug|Any CPU.Build.0 = Debug|Any CPU
		{C7BD18D3-5DDE-49BD-9A63-59DAEC078291}.Release|Any CPU.ActiveCfg = Release|Any CPU
		{C7BD18D3-5DDE-49BD-9A63-59DAEC078291}.Release|Any CPU.Build.0 = Release|Any CPU
		{6DC57E50-270B-46F5-B6D1-0BA1CC014B01}.Debug|Any CPU.ActiveCfg = Debug
		{6DC57E50-270B-46F5-B6D1-0BA1CC014B01}.Release|Any CPU.ActiveCfg = Release
	EndGlobalSection
	GlobalSection(SolutionProperties) = preSolution
		HideSolutionNode = FALSE
	EndGlobalSection
	GlobalSection(ExtensibilityGlobals) = postSolution
		SolutionGuid = {07C28129-7DD6-4084-BAE3-F27DFF3F61D4}
	EndGlobalSection
EndGlobal
